PODS:
  - ALDataRequestView (1.0.2):
    - ALDataRequestView/Core (= 1.0.2)
  - ALDataRequestView/Core (1.0.2):
    - PureLayout
    - ReachabilitySwift
  - ALDataRequestView/ReactiveCocoa (1.0.2):
    - ALDataRequestView/Core
    - ReactiveCocoa
  - ALDataRequestView/RxSwift (1.0.2):
    - ALDataRequestView/Core
    - RxCocoa (~> 2.0.0)
    - RxSwift (~> 2.0.0)
  - PureLayout (3.0.1)
  - ReachabilitySwift (2.3.3)
  - ReactiveCocoa (4.1.0):
    - ReactiveCocoa/UI (= 4.1.0)
    - Result (~> 2.0)
  - ReactiveCocoa/Core (4.1.0):
    - ReactiveCocoa/no-arc
    - Result (~> 2.0)
  - ReactiveCocoa/no-arc (4.1.0):
    - Result (~> 2.0)
  - ReactiveCocoa/UI (4.1.0):
    - ReactiveCocoa/Core
    - Result (~> 2.0)
  - Result (2.0.0)
  - RxCocoa (2.0.0):
    - RxSwift (~> 2.0)
  - RxSwift (2.0.0)

DEPENDENCIES:
  - ALDataRequestView (from `../`)
  - ALDataRequestView/ReactiveCocoa (from `../`)
  - ALDataRequestView/RxSwift (from `../`)
  - RxCocoa (~> 2.0.0)

EXTERNAL SOURCES:
  ALDataRequestView:
    :path: ../

SPEC CHECKSUMS:
  ALDataRequestView: 68eed0e375a07c4253e0c11e67e01ea13db7c481
  PureLayout: 3776d602389d93977b4a4431f1b5cb0e0eed2524
  ReachabilitySwift: e0f6b6f280effb47731acfaaa2d5ffe223703793
  ReactiveCocoa: d70004d7a366a7b8e87e60ce2347182c77701949
  Result: 9e75e1111c774c6ac594e14907b15057053a7959
  RxCocoa: b0ebd70b4f7450bdb3c8987b122f8fd568dc1e2f
  RxSwift: d83246efa6f16c50c143bec134649d045498f601

COCOAPODS: 0.39.0
