PODS:
  - ALDataRequestView (1.0.4):
    - ALDataRequestView/Core (= 1.0.4)
  - ALDataRequestView/Core (1.0.4):
    - PureLayout
    - ReachabilitySwift
  - ALDataRequestView/ReactiveCocoa (1.0.4):
    - ALDataRequestView/Core
    - ReactiveCocoa
  - ALDataRequestView/RxSwift (1.0.4):
    - ALDataRequestView/Core
    - RxCocoa (~> 2.0.0)
    - RxSwift (~> 2.0.0)
  - PureLayout (3.0.2)
  - ReachabilitySwift (2.4)
  - ReactiveCocoa (4.2.2):
    - Result (~> 2.0)
  - Result (2.1.3)
  - RxCocoa (2.0.0):
    - RxSwift (~> 2.0)
  - RxSwift (2.0.0)

DEPENDENCIES:
  - ALDataRequestView (from `../`)
  - ALDataRequestView/ReactiveCocoa (from `../`)
  - ALDataRequestView/RxSwift (from `../`)
  - ReachabilitySwift (from `https://github.com/ashleymills/Reachability.swift.git`, branch `swift-2.3`)
  - RxCocoa (~> 2.0.0)

EXTERNAL SOURCES:
  ALDataRequestView:
    :path: ../
  ReachabilitySwift:
    :branch: swift-2.3
    :git: https://github.com/ashleymills/Reachability.swift.git

CHECKOUT OPTIONS:
  ReachabilitySwift:
    :commit: 833482f68b0904b9cdd6abea7e4f146a06627a48
    :git: https://github.com/ashleymills/Reachability.swift.git

SPEC CHECKSUMS:
  ALDataRequestView: a383b0d4462842ed59002d4ce9bb7d0eb891d9c0
  PureLayout: 4d550abe49a94f24c2808b9b95db9131685fe4cd
  ReachabilitySwift: dc7452dab85ff881904215e1a113326ad8d07beb
  ReactiveCocoa: 72263e7ac0770c274617ccd345e01049d0ca38ae
  Result: 18e1a7597fbcca5923c565b40a25a98afafdee02
  RxCocoa: b0ebd70b4f7450bdb3c8987b122f8fd568dc1e2f
  RxSwift: d83246efa6f16c50c143bec134649d045498f601

PODFILE CHECKSUM: b45bba0625f13e55d03abaef342e63726439c4bf

COCOAPODS: 1.1.0.rc.2
